
Microsoft Visual Studio Solution File, Format Version 12.00
# Visual Studio Version 17
VisualStudioVersion = 17.0.32002.185
MinimumVisualStudioVersion = 10.0.40219.1
Project("{FAE04EC0-301F-11D3-BF4B-00C04F79EFBC}") = "SweetAndSavory", "SweetAndSavory.csproj", "{497C42B1-9C10-4796-BD0E-B0DBC31B5966}"
EndProject
Global
	GlobalSection(SolutionConfigurationPlatforms) = preSolution
		Debug|Any CPU = Debug|Any CPU
		Release|Any CPU = Release|Any CPU
	EndGlobalSection
	GlobalSection(ProjectConfigurationPlatforms) = postSolution
		{497C42B1-9C10-4796-BD0E-B0DBC31B5966}.Debug|Any CPU.ActiveCfg = Debug|Any CPU
		{497C42B1-9C10-4796-BD0E-B0DBC31B5966}.Debug|Any CPU.Build.0 = Debug|Any CPU
		{497C42B1-9C10-4796-BD0E-B0DBC31B5966}.Release|Any CPU.ActiveCfg = Release|Any CPU
		{497C42B1-9C10-4796-BD0E-B0DBC31B5966}.Release|Any CPU.Build.0 = Release|Any CPU
	EndGlobalSection
	GlobalSection(SolutionProperties) = preSolution
		HideSolutionNode = FALSE
	EndGlobalSection
	GlobalSection(ExtensibilityGlobals) = postSolution
		SolutionGuid = {6AEBB9FD-77B0-47A7-8F7C-36B301D733E3}
	EndGlobalSection
EndGlobal
