
Microsoft Visual Studio Solution File, Format Version 12.00
# Visual Studio Version 17
VisualStudioVersion = 17.0.32002.185
MinimumVisualStudioVersion = 10.0.40219.1
Project("{FAE04EC0-301F-11D3-BF4B-00C04F79EFBC}") = "Merge_Binery_Tree", "Merge_Binery_Tree.csproj", "{9F248086-C388-4E43-9A92-6EDF601B1939}"
EndProject
Global
	GlobalSection(SolutionConfigurationPlatforms) = preSolution
		Debug|Any CPU = Debug|Any CPU
		Release|Any CPU = Release|Any CPU
	EndGlobalSection
	GlobalSection(ProjectConfigurationPlatforms) = postSolution
		{9F248086-C388-4E43-9A92-6EDF601B1939}.Debug|Any CPU.ActiveCfg = Debug|Any CPU
		{9F248086-C388-4E43-9A92-6EDF601B1939}.Debug|Any CPU.Build.0 = Debug|Any CPU
		{9F248086-C388-4E43-9A92-6EDF601B1939}.Release|Any CPU.ActiveCfg = Release|Any CPU
		{9F248086-C388-4E43-9A92-6EDF601B1939}.Release|Any CPU.Build.0 = Release|Any CPU
	EndGlobalSection
	GlobalSection(SolutionProperties) = preSolution
		HideSolutionNode = FALSE
	EndGlobalSection
	GlobalSection(ExtensibilityGlobals) = postSolution
		SolutionGuid = {BF636DED-DE53-40A5-90C9-7E6FDF2D94C4}
	EndGlobalSection
EndGlobal
