
Microsoft Visual Studio Solution File, Format Version 12.00
# Visual Studio Version 17
VisualStudioVersion = 17.0.32002.185
MinimumVisualStudioVersion = 10.0.40219.1
Project("{FAE04EC0-301F-11D3-BF4B-00C04F79EFBC}") = "Split_Binary_Tree", "Split_Binary_Tree.csproj", "{5575309A-2EA0-445A-AD79-0227D4439C1C}"
EndProject
Global
	GlobalSection(SolutionConfigurationPlatforms) = preSolution
		Debug|Any CPU = Debug|Any CPU
		Release|Any CPU = Release|Any CPU
	EndGlobalSection
	GlobalSection(ProjectConfigurationPlatforms) = postSolution
		{5575309A-2EA0-445A-AD79-0227D4439C1C}.Debug|Any CPU.ActiveCfg = Debug|Any CPU
		{5575309A-2EA0-445A-AD79-0227D4439C1C}.Debug|Any CPU.Build.0 = Debug|Any CPU
		{5575309A-2EA0-445A-AD79-0227D4439C1C}.Release|Any CPU.ActiveCfg = Release|Any CPU
		{5575309A-2EA0-445A-AD79-0227D4439C1C}.Release|Any CPU.Build.0 = Release|Any CPU
	EndGlobalSection
	GlobalSection(SolutionProperties) = preSolution
		HideSolutionNode = FALSE
	EndGlobalSection
	GlobalSection(ExtensibilityGlobals) = postSolution
		SolutionGuid = {3A9738DA-37B6-4A0E-854E-854741ACB35B}
	EndGlobalSection
EndGlobal
