
Microsoft Visual Studio Solution File, Format Version 12.00
# Visual Studio Version 17
VisualStudioVersion = 17.0.32002.185
MinimumVisualStudioVersion = 10.0.40219.1
Project("{FAE04EC0-301F-11D3-BF4B-00C04F79EFBC}") = "Generate_Document", "Generate_Document.csproj", "{CF41A2D8-DBD0-491E-B9AC-BCC0B7F82ADA}"
EndProject
Global
	GlobalSection(SolutionConfigurationPlatforms) = preSolution
		Debug|Any CPU = Debug|Any CPU
		Release|Any CPU = Release|Any CPU
	EndGlobalSection
	GlobalSection(ProjectConfigurationPlatforms) = postSolution
		{CF41A2D8-DBD0-491E-B9AC-BCC0B7F82ADA}.Debug|Any CPU.ActiveCfg = Debug|Any CPU
		{CF41A2D8-DBD0-491E-B9AC-BCC0B7F82ADA}.Debug|Any CPU.Build.0 = Debug|Any CPU
		{CF41A2D8-DBD0-491E-B9AC-BCC0B7F82ADA}.Release|Any CPU.ActiveCfg = Release|Any CPU
		{CF41A2D8-DBD0-491E-B9AC-BCC0B7F82ADA}.Release|Any CPU.Build.0 = Release|Any CPU
	EndGlobalSection
	GlobalSection(SolutionProperties) = preSolution
		HideSolutionNode = FALSE
	EndGlobalSection
	GlobalSection(ExtensibilityGlobals) = postSolution
		SolutionGuid = {8D442B97-B636-40F0-9791-5380C14CB668}
	EndGlobalSection
EndGlobal
